
Microsoft Visual Studio Solution File, Format Version 12.00
# Visual Studio Version 16
VisualStudioVersion = 16.0.31019.35
MinimumVisualStudioVersion = 10.0.40219.1
Project("{FAE04EC0-301F-11D3-BF4B-00C04F79EFBC}") = "GameProjectSimulation", "GameProjectSimulation\GameProjectSimulation.csproj", "{4F9BB0DE-770D-439B-8515-A800A0FD4662}"
EndProject
Global
	GlobalSection(SolutionConfigurationPlatforms) = preSolution
		Debug|Any CPU = Debug|Any CPU
		Release|Any CPU = Release|Any CPU
	EndGlobalSection
	GlobalSection(ProjectConfigurationPlatforms) = postSolution
		{4F9BB0DE-770D-439B-8515-A800A0FD4662}.Debug|Any CPU.ActiveCfg = Debug|Any CPU
		{4F9BB0DE-770D-439B-8515-A800A0FD4662}.Debug|Any CPU.Build.0 = Debug|Any CPU
		{4F9BB0DE-770D-439B-8515-A800A0FD4662}.Release|Any CPU.ActiveCfg = Release|Any CPU
		{4F9BB0DE-770D-439B-8515-A800A0FD4662}.Release|Any CPU.Build.0 = Release|Any CPU
	EndGlobalSection
	GlobalSection(SolutionProperties) = preSolution
		HideSolutionNode = FALSE
	EndGlobalSection
	GlobalSection(ExtensibilityGlobals) = postSolution
		SolutionGuid = {79DF3926-8C66-482D-81EC-B8EE5D689300}
	EndGlobalSection
EndGlobal
